Microsoft Visual Studio Solution File, Format Version 12.00
# Visual Studio Version 16
VisualStudioVersion = 16.0.0.0
MinimumVisualStudioVersion = 16.0.0.0
Project("{9A19103F-16F7-4668-BE54-9A1E7A4F7556}") = "BlazingChat.Server", "Server\BlazingChat.Server.csproj", "{C06B80BF-B791-496D-9599-46263807502B}"
EndProject
Project("{9A19103F-16F7-4668-BE54-9A1E7A4F7556}") = "BlazingChat.Client", "Client\BlazingChat.Client.csproj", "{44479498-2322-47FD-BD76-00AAEC98F1D8}"
EndProject
Project("{9A19103F-16F7-4668-BE54-9A1E7A4F7556}") = "BlazingChat.Shared", "Shared\BlazingChat.Shared.csproj", "{44B8F331-65D2-4536-8D3A-917FE041C3B3}"
EndProject
Global
	GlobalSection(SolutionConfigurationPlatforms) = preSolution
		Debug|Any CPU = Debug|Any CPU
		Debug|x64 = Debug|x64
		Debug|x86 = Debug|x86
		Release|Any CPU = Release|Any CPU
		Release|x64 = Release|x64
		Release|x86 = Release|x86
	EndGlobalSection
	GlobalSection(ProjectConfigurationPlatforms) = postSolution
		{C06B80BF-B791-496D-9599-46263807502B}.Debug|Any CPU.ActiveCfg = Debug|Any CPU
		{C06B80BF-B791-496D-9599-46263807502B}.Debug|Any CPU.Build.0 = Debug|Any CPU
		{C06B80BF-B791-496D-9599-46263807502B}.Debug|x64.ActiveCfg = Debug|Any CPU
		{C06B80BF-B791-496D-9599-46263807502B}.Debug|x64.Build.0 = Debug|Any CPU
		{C06B80BF-B791-496D-9599-46263807502B}.Debug|x86.ActiveCfg = Debug|Any CPU
		{C06B80BF-B791-496D-9599-46263807502B}.Debug|x86.Build.0 = Debug|Any CPU
		{C06B80BF-B791-496D-9599-46263807502B}.Release|Any CPU.ActiveCfg = Release|Any CPU
		{C06B80BF-B791-496D-9599-46263807502B}.Release|Any CPU.Build.0 = Release|Any CPU
		{C06B80BF-B791-496D-9599-46263807502B}.Release|x64.ActiveCfg = Release|Any CPU
		{C06B80BF-B791-496D-9599-46263807502B}.Release|x64.Build.0 = Release|Any CPU
		{C06B80BF-B791-496D-9599-46263807502B}.Release|x86.ActiveCfg = Release|Any CPU
		{C06B80BF-B791-496D-9599-46263807502B}.Release|x86.Build.0 = Release|Any CPU
		{44479498-2322-47FD-BD76-00AAEC98F1D8}.Debug|Any CPU.ActiveCfg = Debug|Any CPU
		{44479498-2322-47FD-BD76-00AAEC98F1D8}.Debug|Any CPU.Build.0 = Debug|Any CPU
		{44479498-2322-47FD-BD76-00AAEC98F1D8}.Debug|x64.ActiveCfg = Debug|Any CPU
		{44479498-2322-47FD-BD76-00AAEC98F1D8}.Debug|x64.Build.0 = Debug|Any CPU
		{44479498-2322-47FD-BD76-00AAEC98F1D8}.Debug|x86.ActiveCfg = Debug|Any CPU
		{44479498-2322-47FD-BD76-00AAEC98F1D8}.Debug|x86.Build.0 = Debug|Any CPU
		{44479498-2322-47FD-BD76-00AAEC98F1D8}.Release|Any CPU.ActiveCfg = Release|Any CPU
		{44479498-2322-47FD-BD76-00AAEC98F1D8}.Release|Any CPU.Build.0 = Release|Any CPU
		{44479498-2322-47FD-BD76-00AAEC98F1D8}.Release|x64.ActiveCfg = Release|Any CPU
		{44479498-2322-47FD-BD76-00AAEC98F1D8}.Release|x64.Build.0 = Release|Any CPU
		{44479498-2322-47FD-BD76-00AAEC98F1D8}.Release|x86.ActiveCfg = Release|Any CPU
		{44479498-2322-47FD-BD76-00AAEC98F1D8}.Release|x86.Build.0 = Release|Any CPU
		{44B8F331-65D2-4536-8D3A-917FE041C3B3}.Debug|Any CPU.ActiveCfg = Debug|Any CPU
		{44B8F331-65D2-4536-8D3A-917FE041C3B3}.Debug|Any CPU.Build.0 = Debug|Any CPU
		{44B8F331-65D2-4536-8D3A-917FE041C3B3}.Debug|x64.ActiveCfg = Debug|Any CPU
		{44B8F331-65D2-4536-8D3A-917FE041C3B3}.Debug|x64.Build.0 = Debug|Any CPU
		{44B8F331-65D2-4536-8D3A-917FE041C3B3}.Debug|x86.ActiveCfg = Debug|Any CPU
		{44B8F331-65D2-4536-8D3A-917FE041C3B3}.Debug|x86.Build.0 = Debug|Any CPU
		{44B8F331-65D2-4536-8D3A-917FE041C3B3}.Release|Any CPU.ActiveCfg = Release|Any CPU
		{44B8F331-65D2-4536-8D3A-917FE041C3B3}.Release|Any CPU.Build.0 = Release|Any CPU
		{44B8F331-65D2-4536-8D3A-917FE041C3B3}.Release|x64.ActiveCfg = Release|Any CPU
		{44B8F331-65D2-4536-8D3A-917FE041C3B3}.Release|x64.Build.0 = Release|Any CPU
		{44B8F331-65D2-4536-8D3A-917FE041C3B3}.Release|x86.ActiveCfg = Release|Any CPU
		{44B8F331-65D2-4536-8D3A-917FE041C3B3}.Release|x86.Build.0 = Release|Any CPU
	EndGlobalSection
	GlobalSection(SolutionProperties) = preSolution
		HideSolutionNode = FALSE
	EndGlobalSection
	GlobalSection(ExtensibilityGlobals) = postSolution
		SolutionGuid = {FBB15288-BF63-4182-8FCD-602D395E7F8B}
	EndGlobalSection
EndGlobal
